
Microsoft Visual Studio Solution File, Format Version 12.00
# Visual Studio 15
VisualStudioVersion = 15.0.27703.2042
MinimumVisualStudioVersion = 10.0.40219.1
Project("{9A19103F-16F7-4668-BE54-9A1E7A4F7556}") = "MatterHackers.Localization", "MatterHackers.Localization\MatterHackers.Localization.csproj", "{B230E627-DE12-4F21-AF30-6F551AEA733A}"
EndProject
Project("{9A19103F-16F7-4668-BE54-9A1E7A4F7556}") = "MatterHackers.LocalizeAnalyzer", "MatterHackers.LocalizeAnalyzer\MatterHackers.LocalizeAnalyzer.csproj", "{D3D63AA2-766D-4A34-8453-2AEDD85B1109}"
EndProject
Project("{9A19103F-16F7-4668-BE54-9A1E7A4F7556}") = "MatterHackers.LocalizeAnalyzer.Test", "MatterHackers.LocalizeAnalyzer.Test\MatterHackers.LocalizeAnalyzer.Test.csproj", "{40AC84DF-194A-4693-9FD0-120F98B29164}"
EndProject
Global
	GlobalSection(SolutionConfigurationPlatforms) = preSolution
		Debug|Any CPU = Debug|Any CPU
		Release|Any CPU = Release|Any CPU
	EndGlobalSection
	GlobalSection(ProjectConfigurationPlatforms) = postSolution
		{B230E627-DE12-4F21-AF30-6F551AEA733A}.Debug|Any CPU.ActiveCfg = Debug|Any CPU
		{B230E627-DE12-4F21-AF30-6F551AEA733A}.Debug|Any CPU.Build.0 = Debug|Any CPU
		{B230E627-DE12-4F21-AF30-6F551AEA733A}.Release|Any CPU.ActiveCfg = Release|Any CPU
		{B230E627-DE12-4F21-AF30-6F551AEA733A}.Release|Any CPU.Build.0 = Release|Any CPU
		{D3D63AA2-766D-4A34-8453-2AEDD85B1109}.Debug|Any CPU.ActiveCfg = Debug|Any CPU
		{D3D63AA2-766D-4A34-8453-2AEDD85B1109}.Debug|Any CPU.Build.0 = Debug|Any CPU
		{D3D63AA2-766D-4A34-8453-2AEDD85B1109}.Release|Any CPU.ActiveCfg = Release|Any CPU
		{D3D63AA2-766D-4A34-8453-2AEDD85B1109}.Release|Any CPU.Build.0 = Release|Any CPU
		{40AC84DF-194A-4693-9FD0-120F98B29164}.Debug|Any CPU.ActiveCfg = Debug|Any CPU
		{40AC84DF-194A-4693-9FD0-120F98B29164}.Debug|Any CPU.Build.0 = Debug|Any CPU
		{40AC84DF-194A-4693-9FD0-120F98B29164}.Release|Any CPU.ActiveCfg = Release|Any CPU
		{40AC84DF-194A-4693-9FD0-120F98B29164}.Release|Any CPU.Build.0 = Release|Any CPU
	EndGlobalSection
	GlobalSection(SolutionProperties) = preSolution
		HideSolutionNode = FALSE
	EndGlobalSection
	GlobalSection(ExtensibilityGlobals) = postSolution
		SolutionGuid = {3CCD150E-1DEC-4564-87C7-CEF5A2806D24}
	EndGlobalSection
EndGlobal
